// !$*UTF8*$!
{
	archiveVersion = 1;
	classes = {
	};
	objectVersion = 51;
	objects = {

/* Begin PBXBuildFile section */
		4861B7EFF209FED301B7C430 /* Pods_todo2020.framework in Frameworks */ = {isa = PBXBuildFile; fileRef = D4C92F412DEF75EA4F740014 /* Pods_todo2020.framework */; };
		A66EB30824A31E5600FA362A /* AppDelegate.swift in Sources */ = {isa = PBXBuildFile; fileRef = A66EB30724A31E5600FA362A /* AppDelegate.swift */; };
		A66EB30A24A31E5600FA362A /* SceneDelegate.swift in Sources */ = {isa = PBXBuildFile; fileRef = A66EB30924A31E5600FA362A /* SceneDelegate.swift */; };
		A66EB30C24A31E5600FA362A /* MasterViewController.swift in Sources */ = {isa = PBXBuildFile; fileRef = A66EB30B24A31E5600FA362A /* MasterViewController.swift */; };
		A66EB30E24A31E5600FA362A /* DetailViewController.swift in Sources */ = {isa = PBXBuildFile; fileRef = A66EB30D24A31E5600FA362A /* DetailViewController.swift */; };
		A66EB31124A31E5600FA362A /* Main.storyboard in Resources */ = {isa = PBXBuildFile; fileRef = A66EB30F24A31E5600FA362A /* Main.storyboard */; };
		A66EB31324A31E5D00FA362A /* Assets.xcassets in Resources */ = {isa = PBXBuildFile; fileRef = A66EB31224A31E5D00FA362A /* Assets.xcassets */; };
		A66EB31624A31E5D00FA362A /* LaunchScreen.storyboard in Resources */ = {isa = PBXBuildFile; fileRef = A66EB31424A31E5D00FA362A /* LaunchScreen.storyboard */; };
		A66EB31E24A31EF800FA362A /* todo_RS.swift in Sources */ = {isa = PBXBuildFile; fileRef = A66EB31D24A31EF800FA362A /* todo_RS.swift */; };
		A66EB32224A3204A00FA362A /* UIUtility.swift in Sources */ = {isa = PBXBuildFile; fileRef = A66EB31F24A3204A00FA362A /* UIUtility.swift */; };
		A66EB32324A3204A00FA362A /* DBManager.swift in Sources */ = {isa = PBXBuildFile; fileRef = A66EB32024A3204A00FA362A /* DBManager.swift */; };
		A66EB32424A3204A00FA362A /* RecordSet.swift in Sources */ = {isa = PBXBuildFile; fileRef = A66EB32124A3204A00FA362A /* RecordSet.swift */; };
		A66EB34424A3261A00FA362A /* todo.db in Resources */ = {isa = PBXBuildFile; fileRef = A66EB34324A3261A00FA362A /* todo.db */; };
		A6AE708C24F0F31C00A5EA94 /* TodoModel.swift in Sources */ = {isa = PBXBuildFile; fileRef = A6AE708B24F0F31C00A5EA94 /* TodoModel.swift */; };
/* End PBXBuildFile section */

/* Begin PBXFileReference section */
		A66EB30424A31E5600FA362A /* todo2020.app */ = {isa = PBXFileReference; explicitFileType = wrapper.application; includeInIndex = 0; path = todo2020.app; sourceTree = BUILT_PRODUCTS_DIR; };
		A66EB30724A31E5600FA362A /* AppDelegate.swift */ = {isa = PBXFileReference; lastKnownFileType = sourcecode.swift; path = AppDelegate.swift; sourceTree = "<group>"; };
		A66EB30924A31E5600FA362A /* SceneDelegate.swift */ = {isa = PBXFileReference; lastKnownFileType = sourcecode.swift; path = SceneDelegate.swift; sourceTree = "<group>"; };
		A66EB30B24A31E5600FA362A /* MasterViewController.swift */ = {isa = PBXFileReference; lastKnownFileType = sourcecode.swift; path = MasterViewController.swift; sourceTree = "<group>"; };
		A66EB30D24A31E5600FA362A /* DetailViewController.swift */ = {isa = PBXFileReference; lastKnownFileType = sourcecode.swift; path = DetailViewController.swift; sourceTree = "<group>"; };
		A66EB31024A31E5600FA362A /* Base */ = {isa = PBXFileReference; lastKnownFileType = file.storyboard; name = Base; path = Base.lproj/Main.storyboard; sourceTree = "<group>"; };
		A66EB31224A31E5D00FA362A /* Assets.xcassets */ = {isa = PBXFileReference; lastKnownFileType = folder.assetcatalog; path = Assets.xcassets; sourceTree = "<group>"; };
		A66EB31524A31E5D00FA362A /* Base */ = {isa = PBXFileReference; lastKnownFileType = file.storyboard; name = Base; path = Base.lproj/LaunchScreen.storyboard; sourceTree = "<group>"; };
		A66EB31724A31E5D00FA362A /* Info.plist */ = {isa = PBXFileReference; lastKnownFileType = text.plist.xml; path = Info.plist; sourceTree = "<group>"; };
		A66EB31D24A31EF800FA362A /* todo_RS.swift */ = {isa = PBXFileReference; lastKnownFileType = sourcecode.swift; path = todo_RS.swift; sourceTree = "<group>"; };
		A66EB31F24A3204A00FA362A /* UIUtility.swift */ = {isa = PBXFileReference; fileEncoding = 4; lastKnownFileType = sourcecode.swift; path = UIUtility.swift; sourceTree = "<group>"; };
		A66EB32024A3204A00FA362A /* DBManager.swift */ = {isa = PBXFileReference; fileEncoding = 4; lastKnownFileType = sourcecode.swift; path = DBManager.swift; sourceTree = "<group>"; };
		A66EB32124A3204A00FA362A /* RecordSet.swift */ = {isa = PBXFileReference; fileEncoding = 4; lastKnownFileType = sourcecode.swift; path = RecordSet.swift; sourceTree = "<group>"; };
		A66EB34324A3261A00FA362A /* todo.db */ = {isa = PBXFileReference; lastKnownFileType = file; path = todo.db; sourceTree = "<group>"; };
		A6705AF58ED5B81453E8E5F4 /* Pods-todo2020.release.xcconfig */ = {isa = PBXFileReference; includeInIndex = 1; lastKnownFileType = text.xcconfig; name = "Pods-todo2020.release.xcconfig"; path = "Target Support Files/Pods-todo2020/Pods-todo2020.release.xcconfig"; sourceTree = "<group>"; };
		A6AE708B24F0F31C00A5EA94 /* TodoModel.swift */ = {isa = PBXFileReference; lastKnownFileType = sourcecode.swift; path = TodoModel.swift; sourceTree = "<group>"; };
		D4C92F412DEF75EA4F740014 /* Pods_todo2020.framework */ = {isa = PBXFileReference; explicitFileType = wrapper.framework; includeInIndex = 0; path = Pods_todo2020.framework; sourceTree = BUILT_PRODUCTS_DIR; };
		E2E125EFA1893C786525D5DD /* Pods-todo2020.debug.xcconfig */ = {isa = PBXFileReference; includeInIndex = 1; lastKnownFileType = text.xcconfig; name = "Pods-todo2020.debug.xcconfig"; path = "Target Support Files/Pods-todo2020/Pods-todo2020.debug.xcconfig"; sourceTree = "<group>"; };
/* End PBXFileReference section */

/* Begin PBXFrameworksBuildPhase section */
		A66EB30124A31E5600FA362A /* Frameworks */ = {
			isa = PBXFrameworksBuildPhase;
			buildActionMask = 2147483647;
			files = (
				4861B7EFF209FED301B7C430 /* Pods_todo2020.framework in Frameworks */,
			);
			runOnlyForDeploymentPostprocessing = 0;
		};
/* End PBXFrameworksBuildPhase section */

/* Begin PBXGroup section */
		A66EB2FB24A31E5600FA362A = {
			isa = PBXGroup;
			children = (
				A66EB30624A31E5600FA362A /* todo2020 */,
				A66EB30524A31E5600FA362A /* Products */,
				B4A79265122BB7F80CE6D959 /* Pods */,
				F5DAD3ADAFF2318F6E6D129A /* Frameworks */,
			);
			sourceTree = "<group>";
		};
		A66EB30524A31E5600FA362A /* Products */ = {
			isa = PBXGroup;
			children = (
				A66EB30424A31E5600FA362A /* todo2020.app */,
			);
			name = Products;
			sourceTree = "<group>";
		};
		A66EB30624A31E5600FA362A /* todo2020 */ = {
			isa = PBXGroup;
			children = (
				A6AE708924F0F17100A5EA94 /* SQLite3 */,
				A6AE708A24F0F1AB00A5EA94 /* Realm */,
				A66EB30724A31E5600FA362A /* AppDelegate.swift */,
				A66EB30924A31E5600FA362A /* SceneDelegate.swift */,
				A66EB30B24A31E5600FA362A /* MasterViewController.swift */,
				A66EB30D24A31E5600FA362A /* DetailViewController.swift */,
				A66EB31F24A3204A00FA362A /* UIUtility.swift */,
				A66EB30F24A31E5600FA362A /* Main.storyboard */,
				A66EB31224A31E5D00FA362A /* Assets.xcassets */,
				A66EB31424A31E5D00FA362A /* LaunchScreen.storyboard */,
				A66EB31724A31E5D00FA362A /* Info.plist */,
			);
			path = todo2020;
			sourceTree = "<group>";
		};
		A6AE708924F0F17100A5EA94 /* SQLite3 */ = {
			isa = PBXGroup;
			children = (
				A66EB34324A3261A00FA362A /* todo.db */,
				A66EB31D24A31EF800FA362A /* todo_RS.swift */,
				A66EB32024A3204A00FA362A /* DBManager.swift */,
				A66EB32124A3204A00FA362A /* RecordSet.swift */,
			);
			path = SQLite3;
			sourceTree = "<group>";
		};
		A6AE708A24F0F1AB00A5EA94 /* Realm */ = {
			isa = PBXGroup;
			children = (
				A6AE708B24F0F31C00A5EA94 /* TodoModel.swift */,
			);
			path = Realm;
			sourceTree = "<group>";
		};
		B4A79265122BB7F80CE6D959 /* Pods */ = {
			isa = PBXGroup;
			children = (
				E2E125EFA1893C786525D5DD /* Pods-todo2020.debug.xcconfig */,
				A6705AF58ED5B81453E8E5F4 /* Pods-todo2020.release.xcconfig */,
			);
			path = Pods;
			sourceTree = "<group>";
		};
		F5DAD3ADAFF2318F6E6D129A /* Frameworks */ = {
			isa = PBXGroup;
			children = (
				D4C92F412DEF75EA4F740014 /* Pods_todo2020.framework */,
			);
			name = Frameworks;
			sourceTree = "<group>";
		};
/* End PBXGroup section */

/* Begin PBXNativeTarget section */
		A66EB30324A31E5600FA362A /* todo2020 */ = {
			isa = PBXNativeTarget;
			buildConfigurationList = A66EB31A24A31E5D00FA362A /* Build configuration list for PBXNativeTarget "todo2020" */;
			buildPhases = (
				BECF6E3610C2301FF8A8E955 /* [CP] Check Pods Manifest.lock */,
				A66EB30024A31E5600FA362A /* Sources */,
				A66EB30124A31E5600FA362A /* Frameworks */,
				A66EB30224A31E5600FA362A /* Resources */,
				21D58C01615B1EBCA5C52AC7 /* [CP] Embed Pods Frameworks */,
			);
			buildRules = (
			);
			dependencies = (
			);
			name = todo2020;
			productName = todo2020;
			productReference = A66EB30424A31E5600FA362A /* todo2020.app */;
			productType = "com.apple.product-type.application";
		};
/* End PBXNativeTarget section */

/* Begin PBXProject section */
		A66EB2FC24A31E5600FA362A /* Project object */ = {
			isa = PBXProject;
			attributes = {
				LastSwiftUpdateCheck = 1150;
				LastUpgradeCheck = 1150;
				ORGANIZATIONNAME = keiziweb;
				TargetAttributes = {
					A66EB30324A31E5600FA362A = {
						CreatedOnToolsVersion = 11.5;
					};
				};
			};
			buildConfigurationList = A66EB2FF24A31E5600FA362A /* Build configuration list for PBXProject "todo2020" */;
			compatibilityVersion = "Xcode 9.3";
			developmentRegion = en;
			hasScannedForEncodings = 0;
			knownRegions = (
				en,
				Base,
			);
			mainGroup = A66EB2FB24A31E5600FA362A;
			productRefGroup = A66EB30524A31E5600FA362A /* Products */;
			projectDirPath = "";
			projectRoot = "";
			targets = (
				A66EB30324A31E5600FA362A /* todo2020 */,
			);
		};
/* End PBXProject section */

/* Begin PBXResourcesBuildPhase section */
		A66EB30224A31E5600FA362A /* Resources */ = {
			isa = PBXResourcesBuildPhase;
			buildActionMask = 2147483647;
			files = (
				A66EB31624A31E5D00FA362A /* LaunchScreen.storyboard in Resources */,
				A66EB34424A3261A00FA362A /* todo.db in Resources */,
				A66EB31324A31E5D00FA362A /* Assets.xcassets in Resources */,
				A66EB31124A31E5600FA362A /* Main.storyboard in Resources */,
			);
			runOnlyForDeploymentPostprocessing = 0;
		};
/* End PBXResourcesBuildPhase section */

/* Begin PBXShellScriptBuildPhase section */
		21D58C01615B1EBCA5C52AC7 /* [CP] Embed Pods Frameworks */ = {
			isa = PBXShellScriptBuildPhase;
			buildActionMask = 2147483647;
			files = (
			);
			inputFileListPaths = (
				"${PODS_ROOT}/Target Support Files/Pods-todo2020/Pods-todo2020-frameworks-${CONFIGURATION}-input-files.xcfilelist",
			);
			name = "[CP] Embed Pods Frameworks";
			outputFileListPaths = (
				"${PODS_ROOT}/Target Support Files/Pods-todo2020/Pods-todo2020-frameworks-${CONFIGURATION}-output-files.xcfilelist",
			);
			runOnlyForDeploymentPostprocessing = 0;
			shellPath = /bin/sh;
			shellScript = "\"${PODS_ROOT}/Target Support Files/Pods-todo2020/Pods-todo2020-frameworks.sh\"\n";
			showEnvVarsInLog = 0;
		};
		BECF6E3610C2301FF8A8E955 /* [CP] Check Pods Manifest.lock */ = {
			isa = PBXShellScriptBuildPhase;
			buildActionMask = 2147483647;
			files = (
			);
			inputFileListPaths = (
			);
			inputPaths = (
				"${PODS_PODFILE_DIR_PATH}/Podfile.lock",
				"${PODS_ROOT}/Manifest.lock",
			);
			name = "[CP] Check Pods Manifest.lock";
			outputFileListPaths = (
			);
			outputPaths = (
				"$(DERIVED_FILE_DIR)/Pods-todo2020-checkManifestLockResult.txt",
			);
			runOnlyForDeploymentPostprocessing = 0;
			shellPath = /bin/sh;
			shellScript = "diff \"${PODS_PODFILE_DIR_PATH}/Podfile.lock\" \"${PODS_ROOT}/Manifest.lock\" > /dev/null\nif [ $? != 0 ] ; then\n    # print error to STDERR\n    echo \"error: The sandbox is not in sync with the Podfile.lock. Run 'pod install' or update your CocoaPods installation.\" >&2\n    exit 1\nfi\n# This output is used by Xcode 'outputs' to avoid re-running this script phase.\necho \"SUCCESS\" > \"${SCRIPT_OUTPUT_FILE_0}\"\n";
			showEnvVarsInLog = 0;
		};
/* End PBXShellScriptBuildPhase section */

/* Begin PBXSourcesBuildPhase section */
		A66EB30024A31E5600FA362A /* Sources */ = {
			isa = PBXSourcesBuildPhase;
			buildActionMask = 2147483647;
			files = (
				A6AE708C24F0F31C00A5EA94 /* TodoModel.swift in Sources */,
				A66EB32224A3204A00FA362A /* UIUtility.swift in Sources */,
				A66EB30824A31E5600FA362A /* AppDelegate.swift in Sources */,
				A66EB30A24A31E5600FA362A /* SceneDelegate.swift in Sources */,
				A66EB30C24A31E5600FA362A /* MasterViewController.swift in Sources */,
				A66EB31E24A31EF800FA362A /* todo_RS.swift in Sources */,
				A66EB32424A3204A00FA362A /* RecordSet.swift in Sources */,
				A66EB30E24A31E5600FA362A /* DetailViewController.swift in Sources */,
				A66EB32324A3204A00FA362A /* DBManager.swift in Sources */,
			);
			runOnlyForDeploymentPostprocessing = 0;
		};
/* End PBXSourcesBuildPhase section */

/* Begin PBXVariantGroup section */
		A66EB30F24A31E5600FA362A /* Main.storyboard */ = {
			isa = PBXVariantGroup;
			children = (
				A66EB31024A31E5600FA362A /* Base */,
			);
			name = Main.storyboard;
			sourceTree = "<group>";
		};
		A66EB31424A31E5D00FA362A /* LaunchScreen.storyboard */ = {
			isa = PBXVariantGroup;
			children = (
				A66EB31524A31E5D00FA362A /* Base */,
			);
			name = LaunchScreen.storyboard;
			sourceTree = "<group>";
		};
/* End PBXVariantGroup section */

/* Begin XCBuildConfiguration section */
		A66EB31824A31E5D00FA362A /* Debug */ = {
			isa = XCBuildConfiguration;
			buildSettings = {
				ALWAYS_SEARCH_USER_PATHS = NO;
				CLANG_ANALYZER_NONNULL = YES;
				CLANG_ANALYZER_NUMBER_OBJECT_CONVERSION = YES_AGGRESSIVE;
				CLANG_CXX_LANGUAGE_STANDARD = "gnu++14";
				CLANG_CXX_LIBRARY = "libc++";
				CLANG_ENABLE_MODULES = YES;
				CLANG_ENABLE_OBJC_ARC = YES;
				CLANG_ENABLE_OBJC_WEAK = YES;
				CLANG_WARN_BLOCK_CAPTURE_AUTORELEASING = YES;
				CLANG_WARN_BOOL_CONVERSION = YES;
				CLANG_WARN_COMMA = YES;
				CLANG_WARN_CONSTANT_CONVERSION = YES;
				CLANG_WARN_DEPRECATED_OBJC_IMPLEMENTATIONS = YES;
				CLANG_WARN_DIRECT_OBJC_ISA_USAGE = YES_ERROR;
				CLANG_WARN_DOCUMENTATION_COMMENTS = YES;
				CLANG_WARN_EMPTY_BODY = YES;
				CLANG_WARN_ENUM_CONVERSION = YES;
				CLANG_WARN_INFINITE_RECURSION = YES;
				CLANG_WARN_INT_CONVERSION = YES;
				CLANG_WARN_NON_LITERAL_NULL_CONVERSION = YES;
				CLANG_WARN_OBJC_IMPLICIT_RETAIN_SELF = YES;
				CLANG_WARN_OBJC_LITERAL_CONVERSION = YES;
				CLANG_WARN_OBJC_ROOT_CLASS = YES_ERROR;
				CLANG_WARN_RANGE_LOOP_ANALYSIS = YES;
				CLANG_WARN_STRICT_PROTOTYPES = YES;
				CLANG_WARN_SUSPICIOUS_MOVE = YES;
				CLANG_WARN_UNGUARDED_AVAILABILITY = YES_AGGRESSIVE;
				CLANG_WARN_UNREACHABLE_CODE = YES;
				CLANG_WARN__DUPLICATE_METHOD_MATCH = YES;
				COPY_PHASE_STRIP = NO;
				DEBUG_INFORMATION_FORMAT = dwarf;
				ENABLE_STRICT_OBJC_MSGSEND = YES;
				ENABLE_TESTABILITY = YES;
				GCC_C_LANGUAGE_STANDARD = gnu11;
				GCC_DYNAMIC_NO_PIC = NO;
				GCC_NO_COMMON_BLOCKS = YES;
				GCC_OPTIMIZATION_LEVEL = 0;
				GCC_PREPROCESSOR_DEFINITIONS = (
					"DEBUG=1",
					"$(inherited)",
				);
				GCC_WARN_64_TO_32_BIT_CONVERSION = YES;
				GCC_WARN_ABOUT_RETURN_TYPE = YES_ERROR;
				GCC_WARN_UNDECLARED_SELECTOR = YES;
				GCC_WARN_UNINITIALIZED_AUTOS = YES_AGGRESSIVE;
				GCC_WARN_UNUSED_FUNCTION = YES;
				GCC_WARN_UNUSED_VARIABLE = YES;
				IPHONEOS_DEPLOYMENT_TARGET = 13.5;
				MTL_ENABLE_DEBUG_INFO = INCLUDE_SOURCE;
				MTL_FAST_MATH = YES;
				ONLY_ACTIVE_ARCH = YES;
				SDKROOT = iphoneos;
				SWIFT_ACTIVE_COMPILATION_CONDITIONS = DEBUG;
				SWIFT_OPTIMIZATION_LEVEL = "-Onone";
			};
			name = Debug;
		};
		A66EB31924A31E5D00FA362A /* Release */ = {
			isa = XCBuildConfiguration;
			buildSettings = {
				ALWAYS_SEARCH_USER_PATHS = NO;
				CLANG_ANALYZER_NONNULL = YES;
				CLANG_ANALYZER_NUMBER_OBJECT_CONVERSION = YES_AGGRESSIVE;
				CLANG_CXX_LANGUAGE_STANDARD = "gnu++14";
				CLANG_CXX_LIBRARY = "libc++";
				CLANG_ENABLE_MODULES = YES;
				CLANG_ENABLE_OBJC_ARC = YES;
				CLANG_ENABLE_OBJC_WEAK = YES;
				CLANG_WARN_BLOCK_CAPTURE_AUTORELEASING = YES;
				CLANG_WARN_BOOL_CONVERSION = YES;
				CLANG_WARN_COMMA = YES;
				CLANG_WARN_CONSTANT_CONVERSION = YES;
				CLANG_WARN_DEPRECATED_OBJC_IMPLEMENTATIONS = YES;
				CLANG_WARN_DIRECT_OBJC_ISA_USAGE = YES_ERROR;
				CLANG_WARN_DOCUMENTATION_COMMENTS = YES;
				CLANG_WARN_EMPTY_BODY = YES;
				CLANG_WARN_ENUM_CONVERSION = YES;
				CLANG_WARN_INFINITE_RECURSION = YES;
				CLANG_WARN_INT_CONVERSION = YES;
				CLANG_WARN_NON_LITERAL_NULL_CONVERSION = YES;
				CLANG_WARN_OBJC_IMPLICIT_RETAIN_SELF = YES;
				CLANG_WARN_OBJC_LITERAL_CONVERSION = YES;
				CLANG_WARN_OBJC_ROOT_CLASS = YES_ERROR;
				CLANG_WARN_RANGE_LOOP_ANALYSIS = YES;
				CLANG_WARN_STRICT_PROTOTYPES = YES;
				CLANG_WARN_SUSPICIOUS_MOVE = YES;
				CLANG_WARN_UNGUARDED_AVAILABILITY = YES_AGGRESSIVE;
				CLANG_WARN_UNREACHABLE_CODE = YES;
				CLANG_WARN__DUPLICATE_METHOD_MATCH = YES;
				COPY_PHASE_STRIP = NO;
				DEBUG_INFORMATION_FORMAT = "dwarf-with-dsym";
				ENABLE_NS_ASSERTIONS = NO;
				ENABLE_STRICT_OBJC_MSGSEND = YES;
				GCC_C_LANGUAGE_STANDARD = gnu11;
				GCC_NO_COMMON_BLOCKS = YES;
				GCC_WARN_64_TO_32_BIT_CONVERSION = YES;
				GCC_WARN_ABOUT_RETURN_TYPE = YES_ERROR;
				GCC_WARN_UNDECLARED_SELECTOR = YES;
				GCC_WARN_UNINITIALIZED_AUTOS = YES_AGGRESSIVE;
				GCC_WARN_UNUSED_FUNCTION = YES;
				GCC_WARN_UNUSED_VARIABLE = YES;
				IPHONEOS_DEPLOYMENT_TARGET = 13.5;
				MTL_ENABLE_DEBUG_INFO = NO;
				MTL_FAST_MATH = YES;
				SDKROOT = iphoneos;
				SWIFT_COMPILATION_MODE = wholemodule;
				SWIFT_OPTIMIZATION_LEVEL = "-O";
				VALIDATE_PRODUCT = YES;
			};
			name = Release;
		};
		A66EB31B24A31E5D00FA362A /* Debug */ = {
			isa = XCBuildConfiguration;
			baseConfigurationReference = E2E125EFA1893C786525D5DD /* Pods-todo2020.debug.xcconfig */;
			buildSettings = {
				ASSETCATALOG_COMPILER_APPICON_NAME = AppIcon;
				CODE_SIGN_STYLE = Automatic;
				DEVELOPMENT_TEAM = GQHH7CJ4TC;
				INFOPLIST_FILE = todo2020/Info.plist;
				LD_RUNPATH_SEARCH_PATHS = (
					"$(inherited)",
					"@executable_path/Frameworks",
				);
				PRODUCT_BUNDLE_IDENTIFIER = jp.keiziweb.todo2020;
				PRODUCT_NAME = "$(TARGET_NAME)";
				SWIFT_VERSION = 5.0;
				TARGETED_DEVICE_FAMILY = 1;
			};
			name = Debug;
		};
		A66EB31C24A31E5D00FA362A /* Release */ = {
			isa = XCBuildConfiguration;
			baseConfigurationReference = A6705AF58ED5B81453E8E5F4 /* Pods-todo2020.release.xcconfig */;
			buildSettings = {
				ASSETCATALOG_COMPILER_APPICON_NAME = AppIcon;
				CODE_SIGN_STYLE = Automatic;
				DEVELOPMENT_TEAM = GQHH7CJ4TC;
				INFOPLIST_FILE = todo2020/Info.plist;
				LD_RUNPATH_SEARCH_PATHS = (
					"$(inherited)",
					"@executable_path/Frameworks",
				);
				PRODUCT_BUNDLE_IDENTIFIER = jp.keiziweb.todo2020;
				PRODUCT_NAME = "$(TARGET_NAME)";
				SWIFT_VERSION = 5.0;
				TARGETED_DEVICE_FAMILY = 1;
			};
			name = Release;
		};
/* End XCBuildConfiguration section */

/* Begin XCConfigurationList section */
		A66EB2FF24A31E5600FA362A /* Build configuration list for PBXProject "todo2020" */ = {
			isa = XCConfigurationList;
			buildConfigurations = (
				A66EB31824A31E5D00FA362A /* Debug */,
				A66EB31924A31E5D00FA362A /* Release */,
			);
			defaultConfigurationIsVisible = 0;
			defaultConfigurationName = Release;
		};
		A66EB31A24A31E5D00FA362A /* Build configuration list for PBXNativeTarget "todo2020" */ = {
			isa = XCConfigurationList;
			buildConfigurations = (
				A66EB31B24A31E5D00FA362A /* Debug */,
				A66EB31C24A31E5D00FA362A /* Release */,
			);
			defaultConfigurationIsVisible = 0;
			defaultConfigurationName = Release;
		};
/* End XCConfigurationList section */
	};
	rootObject = A66EB2FC24A31E5600FA362A /* Project object */;
}
